
Microsoft Visual Studio Solution File, Format Version 12.00
# Visual Studio Version 17
VisualStudioVersion = 17.9.34723.18
MinimumVisualStudioVersion = 10.0.40219.1
Project("{2150E333-8FDC-42A3-9474-1A3956D46DE8}") = "App.ActiveTime", "App.ActiveTime", "{4B6691E1-6858-49CD-A5AA-BB3E6AE06F85}"
EndProject
Project("{9A19103F-16F7-4668-BE54-9A1E7A4F7556}") = "ActiveTime.Domain", "ActiveTime.Domain\ActiveTime.Domain.csproj", "{6C4AB11C-96E4-4E33-B40A-9BC1BE053FA9}"
EndProject
Project("{9A19103F-16F7-4668-BE54-9A1E7A4F7556}") = "ActiveTime.Infrastructure.UseCaseEngine", "ActiveTime.Infrastructure\ActiveTime.Infrastructure.UseCaseEngine.csproj", "{810050EC-1B0B-45D2-A130-3EC5FBAA844B}"
EndProject
Project("{9A19103F-16F7-4668-BE54-9A1E7A4F7556}") = "ActiveTime.Adapters.DataAccess.LiteDB", "ActiveTime.Adapters.DataAccess.LiteDB\ActiveTime.Adapters.DataAccess.LiteDB.csproj", "{CB6E9BAF-0E09-4BE3-81E9-C982AF2FCE1B}"
EndProject
Project("{9A19103F-16F7-4668-BE54-9A1E7A4F7556}") = "ActiveTime.Adapters.DataAccess.SQLite.AdoNet", "ActiveTime.Adapters.DataAccess.SQLite.AdoNet\ActiveTime.Adapters.DataAccess.SQLite.AdoNet.csproj", "{B69EC531-A7FE-47DC-8679-1A12B53C5BF4}"
EndProject
Project("{2150E333-8FDC-42A3-9474-1A3956D46DE8}") = "App.Migration", "App.Migration", "{F86B8721-23AE-4440-9078-004F413F57E6}"
EndProject
Project("{9A19103F-16F7-4668-BE54-9A1E7A4F7556}") = "ActiveTime.DataMigration", "ActiveTime.DataMigration\ActiveTime.DataMigration.csproj", "{612076BF-B8BA-4FEF-815C-DAABCE304961}"
EndProject
Project("{9A19103F-16F7-4668-BE54-9A1E7A4F7556}") = "ActiveTime.Infrastructure.Watchman", "ActiveTime.Watchman\ActiveTime.Infrastructure.Watchman.csproj", "{70452B77-D016-4845-BFBE-DA1E1DA67D6A}"
EndProject
Project("{9A19103F-16F7-4668-BE54-9A1E7A4F7556}") = "ActiveTime.Presentation.Styles", "ActiveTime.Presentation.Styles\ActiveTime.Presentation.Styles.csproj", "{F92620A2-33CA-4A3A-831C-F0AAC2A28928}"
EndProject
Project("{9A19103F-16F7-4668-BE54-9A1E7A4F7556}") = "ActiveTime.Presentation.CustomControls", "ActiveTime.Presentation.CustomControls\ActiveTime.Presentation.CustomControls.csproj", "{C3E6D6AE-8269-4FCC-B6A7-95211C5AD1EE}"
EndProject
Project("{9A19103F-16F7-4668-BE54-9A1E7A4F7556}") = "ActiveTime.Application", "ActiveTime.Application\ActiveTime.Application.csproj", "{ADE70833-CBA7-4317-8F86-133E50DE72EB}"
EndProject
Project("{9A19103F-16F7-4668-BE54-9A1E7A4F7556}") = "ActiveTime.Jobs", "ActiveTime.Jobs\ActiveTime.Jobs.csproj", "{A057AE60-9F4D-4F2E-80FA-4829F1AFFAB0}"
EndProject
Project("{9A19103F-16F7-4668-BE54-9A1E7A4F7556}") = "ActiveTime.Presentation.Tray", "ActiveTime.Presentation.Tray\ActiveTime.Presentation.Tray.csproj", "{133C213A-3ED4-43CA-9652-C2CB6936A3E3}"
EndProject
Project("{9A19103F-16F7-4668-BE54-9A1E7A4F7556}") = "ActiveTime.Presentation", "ActiveTime.Presentation\ActiveTime.Presentation.csproj", "{7B03FB8F-2198-4A67-81C1-DF4E78E758E2}"
EndProject
Project("{9A19103F-16F7-4668-BE54-9A1E7A4F7556}") = "ActiveTime.Exporters", "ActiveTime.Exporters\ActiveTime.Exporters.csproj", "{6A5E34F4-D168-4D5A-A90B-6A778FF8838D}"
EndProject
Project("{9A19103F-16F7-4668-BE54-9A1E7A4F7556}") = "ActiveTime", "ActiveTime\ActiveTime.csproj", "{38EF783F-73BE-4A53-86BE-6EAF9C132590}"
EndProject
Project("{9A19103F-16F7-4668-BE54-9A1E7A4F7556}") = "ActiveTime.Tests.Unit", "ActiveTime.Tests.Unit\ActiveTime.Tests.Unit.csproj", "{D964489F-2EA8-4837-91EE-053CB1B11232}"
EndProject
Project("{9A19103F-16F7-4668-BE54-9A1E7A4F7556}") = "ActiveTime.Tests.Integration", "ActiveTime.Tests.Integration\ActiveTime.Tests.Integration.csproj", "{75162884-1AAE-447D-AB28-6F9A12023E27}"
EndProject
Project("{2150E333-8FDC-42A3-9474-1A3956D46DE8}") = "Ports", "Ports", "{6C90BF43-6EB0-46ED-A53E-06D59382B0B6}"
EndProject
Project("{9A19103F-16F7-4668-BE54-9A1E7A4F7556}") = "ActiveTime.Ports.DataAccess", "ActiveTime.Ports.DataAccess\ActiveTime.Ports.DataAccess.csproj", "{209196E1-D0D6-49EC-8EE8-63EE5965188E}"
EndProject
Project("{2150E333-8FDC-42A3-9474-1A3956D46DE8}") = "Adapters", "Adapters", "{3BF02524-2055-49CB-9D81-BBE07A10724F}"
EndProject
Project("{9A19103F-16F7-4668-BE54-9A1E7A4F7556}") = "ActiveTime.Ports.SystemAccess", "ActiveTime.Ports.SystemAccess\ActiveTime.Ports.SystemAccess.csproj", "{C743924A-E13A-4AD0-B4DB-903E7CEEEFA5}"
EndProject
Project("{9A19103F-16F7-4668-BE54-9A1E7A4F7556}") = "ActiveTime.Adapters.SystemAccess", "ActiveTime.Adapters.SystemAccess\ActiveTime.Adapters.SystemAccess.csproj", "{4971D01B-866E-4AFF-AEDC-3E39E406D15F}"
EndProject
Project("{9A19103F-16F7-4668-BE54-9A1E7A4F7556}") = "ActiveTime.Ports.ConfigurationAccess", "ActiveTime.Ports.ConfigurationAccess\ActiveTime.Ports.ConfigurationAccess.csproj", "{08928C39-89A8-4963-BF46-75A3231B71E1}"
EndProject
Project("{9A19103F-16F7-4668-BE54-9A1E7A4F7556}") = "ActiveTime.Adapters.ConfigurationAccess", "ActiveTime.Adapters.ConfigurationAccess\ActiveTime.Adapters.ConfigurationAccess.csproj", "{5C8CAF31-C2FC-486C-A3BD-4CFB482BC2EE}"
EndProject
Project("{9A19103F-16F7-4668-BE54-9A1E7A4F7556}") = "ActiveTime.Ports.LogAccess", "ActiveTime.Ports.LogAccess\ActiveTime.Ports.LogAccess.csproj", "{E86CA667-FF1E-4C72-A745-BD5F32D492D3}"
EndProject
Project("{9A19103F-16F7-4668-BE54-9A1E7A4F7556}") = "ActiveTime.Adapters.LogAccess", "ActiveTime.Adapters.LogAccess\ActiveTime.Adapters.LogAccess.csproj", "{F72F0B29-3F61-4611-85DA-AD45D7F646FE}"
EndProject
Project("{9A19103F-16F7-4668-BE54-9A1E7A4F7556}") = "ActiveTime.Infrastructure.JobEngine", "ActiveTime.Infrastructure.JobModel\ActiveTime.Infrastructure.JobEngine.csproj", "{8A573564-F7BB-49F2-AEB1-B9C4A1B7EB4C}"
EndProject
Project("{2150E333-8FDC-42A3-9474-1A3956D46DE8}") = "Infrastructure", "Infrastructure", "{E0DE80DE-B628-4CF6-88E1-75FCA6863F99}"
EndProject
Project("{2150E333-8FDC-42A3-9474-1A3956D46DE8}") = "Solution Items", "Solution Items", "{352BC476-D85F-4671-B89F-3E80A709E991}"
	ProjectSection(SolutionItems) = preProject
		Directory.Build.props = Directory.Build.props
	EndProjectSection
EndProject
Project("{9A19103F-16F7-4668-BE54-9A1E7A4F7556}") = "ActiveTime.Infrastructure.Wpf", "ActiveTime.Infrastructure.Wpf\ActiveTime.Infrastructure.Wpf.csproj", "{1245E1A7-D589-4775-B03B-D4E9DD058DEA}"
EndProject
Project("{9A19103F-16F7-4668-BE54-9A1E7A4F7556}") = "ActiveTime.Infrastructure.Wpf.Setup.Autofac", "ActiveTime.Infrastructure.Wpf.Autofac\ActiveTime.Infrastructure.Wpf.Setup.Autofac.csproj", "{3D382718-CC43-4D3D-A0E3-5ABFEA607A4B}"
EndProject
Project("{FAE04EC0-301F-11D3-BF4B-00C04F79EFBC}") = "ActiveTime.Application.Recording", "ActiveTime.Application.Recording\ActiveTime.Application.Recording.csproj", "{572EEFBC-5C52-4BF3-BE10-A22D194CA772}"
EndProject
Project("{FAE04EC0-301F-11D3-BF4B-00C04F79EFBC}") = "ActiveTime.Application.StatusManagement", "ActiveTime.Application.StatusManagement\ActiveTime.Application.StatusManagement.csproj", "{4A315357-E114-4760-A4AD-3BB15DC83AC7}"
EndProject
Global
	GlobalSection(SolutionConfigurationPlatforms) = preSolution
		Debug|Any CPU = Debug|Any CPU
		Release|Any CPU = Release|Any CPU
	EndGlobalSection
	GlobalSection(ProjectConfigurationPlatforms) = postSolution
		{6C4AB11C-96E4-4E33-B40A-9BC1BE053FA9}.Debug|Any CPU.ActiveCfg = Debug|Any CPU
		{6C4AB11C-96E4-4E33-B40A-9BC1BE053FA9}.Debug|Any CPU.Build.0 = Debug|Any CPU
		{6C4AB11C-96E4-4E33-B40A-9BC1BE053FA9}.Release|Any CPU.ActiveCfg = Release|Any CPU
		{6C4AB11C-96E4-4E33-B40A-9BC1BE053FA9}.Release|Any CPU.Build.0 = Release|Any CPU
		{810050EC-1B0B-45D2-A130-3EC5FBAA844B}.Debug|Any CPU.ActiveCfg = Debug|Any CPU
		{810050EC-1B0B-45D2-A130-3EC5FBAA844B}.Debug|Any CPU.Build.0 = Debug|Any CPU
		{810050EC-1B0B-45D2-A130-3EC5FBAA844B}.Release|Any CPU.ActiveCfg = Release|Any CPU
		{810050EC-1B0B-45D2-A130-3EC5FBAA844B}.Release|Any CPU.Build.0 = Release|Any CPU
		{CB6E9BAF-0E09-4BE3-81E9-C982AF2FCE1B}.Debug|Any CPU.ActiveCfg = Debug|Any CPU
		{CB6E9BAF-0E09-4BE3-81E9-C982AF2FCE1B}.Debug|Any CPU.Build.0 = Debug|Any CPU
		{CB6E9BAF-0E09-4BE3-81E9-C982AF2FCE1B}.Release|Any CPU.ActiveCfg = Release|Any CPU
		{CB6E9BAF-0E09-4BE3-81E9-C982AF2FCE1B}.Release|Any CPU.Build.0 = Release|Any CPU
		{B69EC531-A7FE-47DC-8679-1A12B53C5BF4}.Debug|Any CPU.ActiveCfg = Debug|Any CPU
		{B69EC531-A7FE-47DC-8679-1A12B53C5BF4}.Debug|Any CPU.Build.0 = Debug|Any CPU
		{B69EC531-A7FE-47DC-8679-1A12B53C5BF4}.Release|Any CPU.ActiveCfg = Release|Any CPU
		{B69EC531-A7FE-47DC-8679-1A12B53C5BF4}.Release|Any CPU.Build.0 = Release|Any CPU
		{612076BF-B8BA-4FEF-815C-DAABCE304961}.Debug|Any CPU.ActiveCfg = Debug|Any CPU
		{612076BF-B8BA-4FEF-815C-DAABCE304961}.Debug|Any CPU.Build.0 = Debug|Any CPU
		{612076BF-B8BA-4FEF-815C-DAABCE304961}.Release|Any CPU.ActiveCfg = Release|Any CPU
		{612076BF-B8BA-4FEF-815C-DAABCE304961}.Release|Any CPU.Build.0 = Release|Any CPU
		{70452B77-D016-4845-BFBE-DA1E1DA67D6A}.Debug|Any CPU.ActiveCfg = Debug|Any CPU
		{70452B77-D016-4845-BFBE-DA1E1DA67D6A}.Debug|Any CPU.Build.0 = Debug|Any CPU
		{70452B77-D016-4845-BFBE-DA1E1DA67D6A}.Release|Any CPU.ActiveCfg = Release|Any CPU
		{70452B77-D016-4845-BFBE-DA1E1DA67D6A}.Release|Any CPU.Build.0 = Release|Any CPU
		{F92620A2-33CA-4A3A-831C-F0AAC2A28928}.Debug|Any CPU.ActiveCfg = Debug|Any CPU
		{F92620A2-33CA-4A3A-831C-F0AAC2A28928}.Debug|Any CPU.Build.0 = Debug|Any CPU
		{F92620A2-33CA-4A3A-831C-F0AAC2A28928}.Release|Any CPU.ActiveCfg = Release|Any CPU
		{F92620A2-33CA-4A3A-831C-F0AAC2A28928}.Release|Any CPU.Build.0 = Release|Any CPU
		{C3E6D6AE-8269-4FCC-B6A7-95211C5AD1EE}.Debug|Any CPU.ActiveCfg = Debug|Any CPU
		{C3E6D6AE-8269-4FCC-B6A7-95211C5AD1EE}.Debug|Any CPU.Build.0 = Debug|Any CPU
		{C3E6D6AE-8269-4FCC-B6A7-95211C5AD1EE}.Release|Any CPU.ActiveCfg = Release|Any CPU
		{C3E6D6AE-8269-4FCC-B6A7-95211C5AD1EE}.Release|Any CPU.Build.0 = Release|Any CPU
		{ADE70833-CBA7-4317-8F86-133E50DE72EB}.Debug|Any CPU.ActiveCfg = Debug|Any CPU
		{ADE70833-CBA7-4317-8F86-133E50DE72EB}.Debug|Any CPU.Build.0 = Debug|Any CPU
		{ADE70833-CBA7-4317-8F86-133E50DE72EB}.Release|Any CPU.ActiveCfg = Release|Any CPU
		{ADE70833-CBA7-4317-8F86-133E50DE72EB}.Release|Any CPU.Build.0 = Release|Any CPU
		{A057AE60-9F4D-4F2E-80FA-4829F1AFFAB0}.Debug|Any CPU.ActiveCfg = Debug|Any CPU
		{A057AE60-9F4D-4F2E-80FA-4829F1AFFAB0}.Debug|Any CPU.Build.0 = Debug|Any CPU
		{A057AE60-9F4D-4F2E-80FA-4829F1AFFAB0}.Release|Any CPU.ActiveCfg = Release|Any CPU
		{A057AE60-9F4D-4F2E-80FA-4829F1AFFAB0}.Release|Any CPU.Build.0 = Release|Any CPU
		{133C213A-3ED4-43CA-9652-C2CB6936A3E3}.Debug|Any CPU.ActiveCfg = Debug|Any CPU
		{133C213A-3ED4-43CA-9652-C2CB6936A3E3}.Debug|Any CPU.Build.0 = Debug|Any CPU
		{133C213A-3ED4-43CA-9652-C2CB6936A3E3}.Release|Any CPU.ActiveCfg = Release|Any CPU
		{133C213A-3ED4-43CA-9652-C2CB6936A3E3}.Release|Any CPU.Build.0 = Release|Any CPU
		{7B03FB8F-2198-4A67-81C1-DF4E78E758E2}.Debug|Any CPU.ActiveCfg = Debug|Any CPU
		{7B03FB8F-2198-4A67-81C1-DF4E78E758E2}.Debug|Any CPU.Build.0 = Debug|Any CPU
		{7B03FB8F-2198-4A67-81C1-DF4E78E758E2}.Release|Any CPU.ActiveCfg = Release|Any CPU
		{7B03FB8F-2198-4A67-81C1-DF4E78E758E2}.Release|Any CPU.Build.0 = Release|Any CPU
		{6A5E34F4-D168-4D5A-A90B-6A778FF8838D}.Debug|Any CPU.ActiveCfg = Debug|Any CPU
		{6A5E34F4-D168-4D5A-A90B-6A778FF8838D}.Debug|Any CPU.Build.0 = Debug|Any CPU
		{6A5E34F4-D168-4D5A-A90B-6A778FF8838D}.Release|Any CPU.ActiveCfg = Release|Any CPU
		{6A5E34F4-D168-4D5A-A90B-6A778FF8838D}.Release|Any CPU.Build.0 = Release|Any CPU
		{38EF783F-73BE-4A53-86BE-6EAF9C132590}.Debug|Any CPU.ActiveCfg = Debug|Any CPU
		{38EF783F-73BE-4A53-86BE-6EAF9C132590}.Debug|Any CPU.Build.0 = Debug|Any CPU
		{38EF783F-73BE-4A53-86BE-6EAF9C132590}.Release|Any CPU.ActiveCfg = Release|Any CPU
		{38EF783F-73BE-4A53-86BE-6EAF9C132590}.Release|Any CPU.Build.0 = Release|Any CPU
		{D964489F-2EA8-4837-91EE-053CB1B11232}.Debug|Any CPU.ActiveCfg = Debug|Any CPU
		{D964489F-2EA8-4837-91EE-053CB1B11232}.Debug|Any CPU.Build.0 = Debug|Any CPU
		{D964489F-2EA8-4837-91EE-053CB1B11232}.Release|Any CPU.ActiveCfg = Release|Any CPU
		{D964489F-2EA8-4837-91EE-053CB1B11232}.Release|Any CPU.Build.0 = Release|Any CPU
		{75162884-1AAE-447D-AB28-6F9A12023E27}.Debug|Any CPU.ActiveCfg = Debug|Any CPU
		{75162884-1AAE-447D-AB28-6F9A12023E27}.Debug|Any CPU.Build.0 = Debug|Any CPU
		{75162884-1AAE-447D-AB28-6F9A12023E27}.Release|Any CPU.ActiveCfg = Release|Any CPU
		{75162884-1AAE-447D-AB28-6F9A12023E27}.Release|Any CPU.Build.0 = Release|Any CPU
		{209196E1-D0D6-49EC-8EE8-63EE5965188E}.Debug|Any CPU.ActiveCfg = Debug|Any CPU
		{209196E1-D0D6-49EC-8EE8-63EE5965188E}.Debug|Any CPU.Build.0 = Debug|Any CPU
		{209196E1-D0D6-49EC-8EE8-63EE5965188E}.Release|Any CPU.ActiveCfg = Release|Any CPU
		{209196E1-D0D6-49EC-8EE8-63EE5965188E}.Release|Any CPU.Build.0 = Release|Any CPU
		{C743924A-E13A-4AD0-B4DB-903E7CEEEFA5}.Debug|Any CPU.ActiveCfg = Debug|Any CPU
		{C743924A-E13A-4AD0-B4DB-903E7CEEEFA5}.Debug|Any CPU.Build.0 = Debug|Any CPU
		{C743924A-E13A-4AD0-B4DB-903E7CEEEFA5}.Release|Any CPU.ActiveCfg = Release|Any CPU
		{C743924A-E13A-4AD0-B4DB-903E7CEEEFA5}.Release|Any CPU.Build.0 = Release|Any CPU
		{4971D01B-866E-4AFF-AEDC-3E39E406D15F}.Debug|Any CPU.ActiveCfg = Debug|Any CPU
		{4971D01B-866E-4AFF-AEDC-3E39E406D15F}.Debug|Any CPU.Build.0 = Debug|Any CPU
		{4971D01B-866E-4AFF-AEDC-3E39E406D15F}.Release|Any CPU.ActiveCfg = Release|Any CPU
		{4971D01B-866E-4AFF-AEDC-3E39E406D15F}.Release|Any CPU.Build.0 = Release|Any CPU
		{08928C39-89A8-4963-BF46-75A3231B71E1}.Debug|Any CPU.ActiveCfg = Debug|Any CPU
		{08928C39-89A8-4963-BF46-75A3231B71E1}.Debug|Any CPU.Build.0 = Debug|Any CPU
		{08928C39-89A8-4963-BF46-75A3231B71E1}.Release|Any CPU.ActiveCfg = Release|Any CPU
		{08928C39-89A8-4963-BF46-75A3231B71E1}.Release|Any CPU.Build.0 = Release|Any CPU
		{5C8CAF31-C2FC-486C-A3BD-4CFB482BC2EE}.Debug|Any CPU.ActiveCfg = Debug|Any CPU
		{5C8CAF31-C2FC-486C-A3BD-4CFB482BC2EE}.Debug|Any CPU.Build.0 = Debug|Any CPU
		{5C8CAF31-C2FC-486C-A3BD-4CFB482BC2EE}.Release|Any CPU.ActiveCfg = Release|Any CPU
		{5C8CAF31-C2FC-486C-A3BD-4CFB482BC2EE}.Release|Any CPU.Build.0 = Release|Any CPU
		{E86CA667-FF1E-4C72-A745-BD5F32D492D3}.Debug|Any CPU.ActiveCfg = Debug|Any CPU
		{E86CA667-FF1E-4C72-A745-BD5F32D492D3}.Debug|Any CPU.Build.0 = Debug|Any CPU
		{E86CA667-FF1E-4C72-A745-BD5F32D492D3}.Release|Any CPU.ActiveCfg = Release|Any CPU
		{E86CA667-FF1E-4C72-A745-BD5F32D492D3}.Release|Any CPU.Build.0 = Release|Any CPU
		{F72F0B29-3F61-4611-85DA-AD45D7F646FE}.Debug|Any CPU.ActiveCfg = Debug|Any CPU
		{F72F0B29-3F61-4611-85DA-AD45D7F646FE}.Debug|Any CPU.Build.0 = Debug|Any CPU
		{F72F0B29-3F61-4611-85DA-AD45D7F646FE}.Release|Any CPU.ActiveCfg = Release|Any CPU
		{F72F0B29-3F61-4611-85DA-AD45D7F646FE}.Release|Any CPU.Build.0 = Release|Any CPU
		{8A573564-F7BB-49F2-AEB1-B9C4A1B7EB4C}.Debug|Any CPU.ActiveCfg = Debug|Any CPU
		{8A573564-F7BB-49F2-AEB1-B9C4A1B7EB4C}.Debug|Any CPU.Build.0 = Debug|Any CPU
		{8A573564-F7BB-49F2-AEB1-B9C4A1B7EB4C}.Release|Any CPU.ActiveCfg = Release|Any CPU
		{8A573564-F7BB-49F2-AEB1-B9C4A1B7EB4C}.Release|Any CPU.Build.0 = Release|Any CPU
		{1245E1A7-D589-4775-B03B-D4E9DD058DEA}.Debug|Any CPU.ActiveCfg = Debug|Any CPU
		{1245E1A7-D589-4775-B03B-D4E9DD058DEA}.Debug|Any CPU.Build.0 = Debug|Any CPU
		{1245E1A7-D589-4775-B03B-D4E9DD058DEA}.Release|Any CPU.ActiveCfg = Release|Any CPU
		{1245E1A7-D589-4775-B03B-D4E9DD058DEA}.Release|Any CPU.Build.0 = Release|Any CPU
		{3D382718-CC43-4D3D-A0E3-5ABFEA607A4B}.Debug|Any CPU.ActiveCfg = Debug|Any CPU
		{3D382718-CC43-4D3D-A0E3-5ABFEA607A4B}.Debug|Any CPU.Build.0 = Debug|Any CPU
		{3D382718-CC43-4D3D-A0E3-5ABFEA607A4B}.Release|Any CPU.ActiveCfg = Release|Any CPU
		{3D382718-CC43-4D3D-A0E3-5ABFEA607A4B}.Release|Any CPU.Build.0 = Release|Any CPU
		{572EEFBC-5C52-4BF3-BE10-A22D194CA772}.Debug|Any CPU.ActiveCfg = Debug|Any CPU
		{572EEFBC-5C52-4BF3-BE10-A22D194CA772}.Debug|Any CPU.Build.0 = Debug|Any CPU
		{572EEFBC-5C52-4BF3-BE10-A22D194CA772}.Release|Any CPU.ActiveCfg = Release|Any CPU
		{572EEFBC-5C52-4BF3-BE10-A22D194CA772}.Release|Any CPU.Build.0 = Release|Any CPU
		{4A315357-E114-4760-A4AD-3BB15DC83AC7}.Debug|Any CPU.ActiveCfg = Debug|Any CPU
		{4A315357-E114-4760-A4AD-3BB15DC83AC7}.Debug|Any CPU.Build.0 = Debug|Any CPU
		{4A315357-E114-4760-A4AD-3BB15DC83AC7}.Release|Any CPU.ActiveCfg = Release|Any CPU
		{4A315357-E114-4760-A4AD-3BB15DC83AC7}.Release|Any CPU.Build.0 = Release|Any CPU
	EndGlobalSection
	GlobalSection(SolutionProperties) = preSolution
		HideSolutionNode = FALSE
	EndGlobalSection
	GlobalSection(NestedProjects) = preSolution
		{810050EC-1B0B-45D2-A130-3EC5FBAA844B} = {E0DE80DE-B628-4CF6-88E1-75FCA6863F99}
		{CB6E9BAF-0E09-4BE3-81E9-C982AF2FCE1B} = {3BF02524-2055-49CB-9D81-BBE07A10724F}
		{B69EC531-A7FE-47DC-8679-1A12B53C5BF4} = {3BF02524-2055-49CB-9D81-BBE07A10724F}
		{612076BF-B8BA-4FEF-815C-DAABCE304961} = {F86B8721-23AE-4440-9078-004F413F57E6}
		{70452B77-D016-4845-BFBE-DA1E1DA67D6A} = {E0DE80DE-B628-4CF6-88E1-75FCA6863F99}
		{F92620A2-33CA-4A3A-831C-F0AAC2A28928} = {4B6691E1-6858-49CD-A5AA-BB3E6AE06F85}
		{C3E6D6AE-8269-4FCC-B6A7-95211C5AD1EE} = {4B6691E1-6858-49CD-A5AA-BB3E6AE06F85}
		{ADE70833-CBA7-4317-8F86-133E50DE72EB} = {4B6691E1-6858-49CD-A5AA-BB3E6AE06F85}
		{A057AE60-9F4D-4F2E-80FA-4829F1AFFAB0} = {4B6691E1-6858-49CD-A5AA-BB3E6AE06F85}
		{133C213A-3ED4-43CA-9652-C2CB6936A3E3} = {4B6691E1-6858-49CD-A5AA-BB3E6AE06F85}
		{7B03FB8F-2198-4A67-81C1-DF4E78E758E2} = {4B6691E1-6858-49CD-A5AA-BB3E6AE06F85}
		{6A5E34F4-D168-4D5A-A90B-6A778FF8838D} = {3BF02524-2055-49CB-9D81-BBE07A10724F}
		{38EF783F-73BE-4A53-86BE-6EAF9C132590} = {4B6691E1-6858-49CD-A5AA-BB3E6AE06F85}
		{209196E1-D0D6-49EC-8EE8-63EE5965188E} = {6C90BF43-6EB0-46ED-A53E-06D59382B0B6}
		{C743924A-E13A-4AD0-B4DB-903E7CEEEFA5} = {6C90BF43-6EB0-46ED-A53E-06D59382B0B6}
		{4971D01B-866E-4AFF-AEDC-3E39E406D15F} = {3BF02524-2055-49CB-9D81-BBE07A10724F}
		{08928C39-89A8-4963-BF46-75A3231B71E1} = {6C90BF43-6EB0-46ED-A53E-06D59382B0B6}
		{5C8CAF31-C2FC-486C-A3BD-4CFB482BC2EE} = {3BF02524-2055-49CB-9D81-BBE07A10724F}
		{E86CA667-FF1E-4C72-A745-BD5F32D492D3} = {6C90BF43-6EB0-46ED-A53E-06D59382B0B6}
		{F72F0B29-3F61-4611-85DA-AD45D7F646FE} = {3BF02524-2055-49CB-9D81-BBE07A10724F}
		{8A573564-F7BB-49F2-AEB1-B9C4A1B7EB4C} = {E0DE80DE-B628-4CF6-88E1-75FCA6863F99}
		{1245E1A7-D589-4775-B03B-D4E9DD058DEA} = {E0DE80DE-B628-4CF6-88E1-75FCA6863F99}
		{3D382718-CC43-4D3D-A0E3-5ABFEA607A4B} = {E0DE80DE-B628-4CF6-88E1-75FCA6863F99}
		{572EEFBC-5C52-4BF3-BE10-A22D194CA772} = {4B6691E1-6858-49CD-A5AA-BB3E6AE06F85}
		{4A315357-E114-4760-A4AD-3BB15DC83AC7} = {4B6691E1-6858-49CD-A5AA-BB3E6AE06F85}
	EndGlobalSection
	GlobalSection(ExtensibilityGlobals) = postSolution
		SolutionGuid = {D5D4502D-510A-459A-B75B-AD6DBED249E6}
	EndGlobalSection
EndGlobal
