
Microsoft Visual Studio Solution File, Format Version 12.00
# Visual Studio Version 17
VisualStudioVersion = 17.14.35906.104
MinimumVisualStudioVersion = 10.0.40219.1
Project("{FAE04EC0-301F-11D3-BF4B-00C04F79EFBC}") = "ActiveTime", "ActiveTime\ActiveTime.csproj", "{16BAEDC7-838B-4B8D-9BF4-07EB8515D999}"
	ProjectSection(ProjectDependencies) = postProject
		{D993640F-730C-472F-8625-80365A397D19} = {D993640F-730C-472F-8625-80365A397D19}
		{78A4111D-38DD-439F-ABC1-CD569C70DE9C} = {78A4111D-38DD-439F-ABC1-CD569C70DE9C}
		{CC12E02C-99C8-4DDA-9F68-3CF670D13958} = {CC12E02C-99C8-4DDA-9F68-3CF670D13958}
	EndProjectSection
EndProject
Project("{FAE04EC0-301F-11D3-BF4B-00C04F79EFBC}") = "ActiveTime.Domain", "ActiveTime.Common\ActiveTime.Domain.csproj", "{C1F39ABA-06C0-4E71-A30D-00EB10D4C9E5}"
EndProject
Project("{FAE04EC0-301F-11D3-BF4B-00C04F79EFBC}") = "ActiveTime.Presentation.Tray", "ActiveTime.TrayIconModule\ActiveTime.Presentation.Tray.csproj", "{D993640F-730C-472F-8625-80365A397D19}"
EndProject
Project("{FAE04EC0-301F-11D3-BF4B-00C04F79EFBC}") = "ActiveTime.Persistence.SQLite.AdoNet.Module", "ActiveTime.Persistence.SQLite.AdoNet.Module\ActiveTime.Persistence.SQLite.AdoNet.Module.csproj", "{78A4111D-38DD-439F-ABC1-CD569C70DE9C}"
EndProject
Project("{2150E333-8FDC-42A3-9474-1A3956D46DE8}") = "Common", "Common", "{7679C591-8D74-4077-8E00-811810432C0F}"
	ProjectSection(SolutionItems) = preProject
		AssemblyInfo.Shared.cs = AssemblyInfo.Shared.cs
	EndProjectSection
EndProject
Project("{FAE04EC0-301F-11D3-BF4B-00C04F79EFBC}") = "ActiveTime.Persistence.LiteDB.Module", "ActiveTime.Persistence.LiteDB.Module\ActiveTime.Persistence.LiteDB.Module.csproj", "{BFC9B5E5-E55E-4F98-88E5-49F31609EB4C}"
EndProject
Project("{FAE04EC0-301F-11D3-BF4B-00C04F79EFBC}") = "ActiveTime.DataMigration", "ActiveTime.DataMigration\ActiveTime.DataMigration.csproj", "{6343D3EC-D787-43D7-B590-918EB97464C2}"
EndProject
Project("{FAE04EC0-301F-11D3-BF4B-00C04F79EFBC}") = "ActiveTime.Logging", "ActiveTime.Logging\ActiveTime.Logging.csproj", "{0F05CADA-95F8-458D-A52C-DE51BFF8E453}"
EndProject
Project("{FAE04EC0-301F-11D3-BF4B-00C04F79EFBC}") = "ActiveTime.Exporters", "ActiveTime.Exporters\ActiveTime.Exporters.csproj", "{77D07B88-1439-4F65-98B0-252269B83435}"
EndProject
Project("{FAE04EC0-301F-11D3-BF4B-00C04F79EFBC}") = "ActiveTime.Watchman", "ActiveTime.Watchman\ActiveTime.Watchman.csproj", "{02EF6444-A390-457D-908C-26B3B9EB09AE}"
EndProject
Project("{FAE04EC0-301F-11D3-BF4B-00C04F79EFBC}") = "ActiveTime.Presentation", "ActiveTime.Presentation\ActiveTime.Presentation.csproj", "{9D813167-EE59-4936-812C-1A8238B69510}"
EndProject
Project("{FAE04EC0-301F-11D3-BF4B-00C04F79EFBC}") = "ActiveTime.Application", "ActiveTime.Application\ActiveTime.Application.csproj", "{1786A70F-7015-47DA-98A4-C99F7016CACE}"
EndProject
Project("{2150E333-8FDC-42A3-9474-1A3956D46DE8}") = "MigrationApp", "MigrationApp", "{8B32A190-6194-476F-86CA-7450B4FFAF30}"
EndProject
Project("{2150E333-8FDC-42A3-9474-1A3956D46DE8}") = "ActiveTimeApp", "ActiveTimeApp", "{1DBD721E-9DB5-4550-A9B5-057C6628EDCB}"
EndProject
Project("{FAE04EC0-301F-11D3-BF4B-00C04F79EFBC}") = "ActiveTime.Presentation.Tray.Module", "ActiveTime.TrayGui.Module\ActiveTime.Presentation.Tray.Module.csproj", "{A364757B-F010-4365-85BD-BAA9CFF7684A}"
EndProject
Project("{FAE04EC0-301F-11D3-BF4B-00C04F79EFBC}") = "ActiveTime.Jobs", "ActiveTime.Recording.Module\ActiveTime.Jobs.csproj", "{CC12E02C-99C8-4DDA-9F68-3CF670D13958}"
EndProject
Project("{FAE04EC0-301F-11D3-BF4B-00C04F79EFBC}") = "ActiveTime.Infrastructure", "ActiveTime.Infrastructure\ActiveTime.Infrastructure.csproj", "{AD1501FE-D309-47D4-A774-F82B8E7CFBCB}"
EndProject
Project("{FAE04EC0-301F-11D3-BF4B-00C04F79EFBC}") = "ActiveTime.Tests.Integration", "ActiveTime.Tests.Integration\ActiveTime.Tests.Integration.csproj", "{C1640BFD-546F-41BD-A32C-61238023C7CB}"
EndProject
Project("{FAE04EC0-301F-11D3-BF4B-00C04F79EFBC}") = "ActiveTime.Tests.Unit", "ActiveTime.Tests.Unit\ActiveTime.Tests.Unit.csproj", "{6FE9FEF7-18B3-48B0-898D-B0890F83FD87}"
EndProject
Project("{FAE04EC0-301F-11D3-BF4B-00C04F79EFBC}") = "ActiveTime.Presentation.Styles", "ActiveTime.Presentation.Styles\ActiveTime.Presentation.Styles.csproj", "{7ECBE36A-B824-435C-8A2D-BCBC2D512EB9}"
EndProject
Project("{FAE04EC0-301F-11D3-BF4B-00C04F79EFBC}") = "ActiveTime.Presentation.CustomControls", "ActiveTime.Presentation.CustomControls\ActiveTime.Presentation.CustomControls.csproj", "{E6CDCAE9-01F6-445B-B322-4A6B2167FBC7}"
EndProject
Project("{FAE04EC0-301F-11D3-BF4B-00C04F79EFBC}") = "ConsoleApp1", "ConsoleApp1\ConsoleApp1.csproj", "{4DFC555F-A1A7-4D00-9160-9525CE9788B2}"
EndProject
Global
	GlobalSection(SolutionConfigurationPlatforms) = preSolution
		Debug|Any CPU = Debug|Any CPU
		Release|Any CPU = Release|Any CPU
	EndGlobalSection
	GlobalSection(ProjectConfigurationPlatforms) = postSolution
		{16BAEDC7-838B-4B8D-9BF4-07EB8515D999}.Debug|Any CPU.ActiveCfg = Debug|Any CPU
		{16BAEDC7-838B-4B8D-9BF4-07EB8515D999}.Debug|Any CPU.Build.0 = Debug|Any CPU
		{16BAEDC7-838B-4B8D-9BF4-07EB8515D999}.Release|Any CPU.ActiveCfg = Release|Any CPU
		{16BAEDC7-838B-4B8D-9BF4-07EB8515D999}.Release|Any CPU.Build.0 = Release|Any CPU
		{C1F39ABA-06C0-4E71-A30D-00EB10D4C9E5}.Debug|Any CPU.ActiveCfg = Debug|Any CPU
		{C1F39ABA-06C0-4E71-A30D-00EB10D4C9E5}.Debug|Any CPU.Build.0 = Debug|Any CPU
		{C1F39ABA-06C0-4E71-A30D-00EB10D4C9E5}.Release|Any CPU.ActiveCfg = Release|Any CPU
		{C1F39ABA-06C0-4E71-A30D-00EB10D4C9E5}.Release|Any CPU.Build.0 = Release|Any CPU
		{D993640F-730C-472F-8625-80365A397D19}.Debug|Any CPU.ActiveCfg = Debug|Any CPU
		{D993640F-730C-472F-8625-80365A397D19}.Debug|Any CPU.Build.0 = Debug|Any CPU
		{D993640F-730C-472F-8625-80365A397D19}.Release|Any CPU.ActiveCfg = Release|Any CPU
		{D993640F-730C-472F-8625-80365A397D19}.Release|Any CPU.Build.0 = Release|Any CPU
		{78A4111D-38DD-439F-ABC1-CD569C70DE9C}.Debug|Any CPU.ActiveCfg = Debug|Any CPU
		{78A4111D-38DD-439F-ABC1-CD569C70DE9C}.Debug|Any CPU.Build.0 = Debug|Any CPU
		{78A4111D-38DD-439F-ABC1-CD569C70DE9C}.Release|Any CPU.ActiveCfg = Release|Any CPU
		{78A4111D-38DD-439F-ABC1-CD569C70DE9C}.Release|Any CPU.Build.0 = Release|Any CPU
		{BFC9B5E5-E55E-4F98-88E5-49F31609EB4C}.Debug|Any CPU.ActiveCfg = Debug|Any CPU
		{BFC9B5E5-E55E-4F98-88E5-49F31609EB4C}.Debug|Any CPU.Build.0 = Debug|Any CPU
		{BFC9B5E5-E55E-4F98-88E5-49F31609EB4C}.Release|Any CPU.ActiveCfg = Release|Any CPU
		{BFC9B5E5-E55E-4F98-88E5-49F31609EB4C}.Release|Any CPU.Build.0 = Release|Any CPU
		{6343D3EC-D787-43D7-B590-918EB97464C2}.Debug|Any CPU.ActiveCfg = Debug|Any CPU
		{6343D3EC-D787-43D7-B590-918EB97464C2}.Debug|Any CPU.Build.0 = Debug|Any CPU
		{6343D3EC-D787-43D7-B590-918EB97464C2}.Release|Any CPU.ActiveCfg = Release|Any CPU
		{6343D3EC-D787-43D7-B590-918EB97464C2}.Release|Any CPU.Build.0 = Release|Any CPU
		{0F05CADA-95F8-458D-A52C-DE51BFF8E453}.Debug|Any CPU.ActiveCfg = Debug|Any CPU
		{0F05CADA-95F8-458D-A52C-DE51BFF8E453}.Debug|Any CPU.Build.0 = Debug|Any CPU
		{0F05CADA-95F8-458D-A52C-DE51BFF8E453}.Release|Any CPU.ActiveCfg = Release|Any CPU
		{0F05CADA-95F8-458D-A52C-DE51BFF8E453}.Release|Any CPU.Build.0 = Release|Any CPU
		{77D07B88-1439-4F65-98B0-252269B83435}.Debug|Any CPU.ActiveCfg = Debug|Any CPU
		{77D07B88-1439-4F65-98B0-252269B83435}.Debug|Any CPU.Build.0 = Debug|Any CPU
		{77D07B88-1439-4F65-98B0-252269B83435}.Release|Any CPU.ActiveCfg = Release|Any CPU
		{77D07B88-1439-4F65-98B0-252269B83435}.Release|Any CPU.Build.0 = Release|Any CPU
		{02EF6444-A390-457D-908C-26B3B9EB09AE}.Debug|Any CPU.ActiveCfg = Debug|Any CPU
		{02EF6444-A390-457D-908C-26B3B9EB09AE}.Debug|Any CPU.Build.0 = Debug|Any CPU
		{02EF6444-A390-457D-908C-26B3B9EB09AE}.Release|Any CPU.ActiveCfg = Release|Any CPU
		{02EF6444-A390-457D-908C-26B3B9EB09AE}.Release|Any CPU.Build.0 = Release|Any CPU
		{9D813167-EE59-4936-812C-1A8238B69510}.Debug|Any CPU.ActiveCfg = Debug|Any CPU
		{9D813167-EE59-4936-812C-1A8238B69510}.Debug|Any CPU.Build.0 = Debug|Any CPU
		{9D813167-EE59-4936-812C-1A8238B69510}.Release|Any CPU.ActiveCfg = Release|Any CPU
		{9D813167-EE59-4936-812C-1A8238B69510}.Release|Any CPU.Build.0 = Release|Any CPU
		{1786A70F-7015-47DA-98A4-C99F7016CACE}.Debug|Any CPU.ActiveCfg = Debug|Any CPU
		{1786A70F-7015-47DA-98A4-C99F7016CACE}.Debug|Any CPU.Build.0 = Debug|Any CPU
		{1786A70F-7015-47DA-98A4-C99F7016CACE}.Release|Any CPU.ActiveCfg = Release|Any CPU
		{1786A70F-7015-47DA-98A4-C99F7016CACE}.Release|Any CPU.Build.0 = Release|Any CPU
		{A364757B-F010-4365-85BD-BAA9CFF7684A}.Debug|Any CPU.ActiveCfg = Debug|Any CPU
		{A364757B-F010-4365-85BD-BAA9CFF7684A}.Debug|Any CPU.Build.0 = Debug|Any CPU
		{A364757B-F010-4365-85BD-BAA9CFF7684A}.Release|Any CPU.ActiveCfg = Release|Any CPU
		{A364757B-F010-4365-85BD-BAA9CFF7684A}.Release|Any CPU.Build.0 = Release|Any CPU
		{CC12E02C-99C8-4DDA-9F68-3CF670D13958}.Debug|Any CPU.ActiveCfg = Debug|Any CPU
		{CC12E02C-99C8-4DDA-9F68-3CF670D13958}.Debug|Any CPU.Build.0 = Debug|Any CPU
		{CC12E02C-99C8-4DDA-9F68-3CF670D13958}.Release|Any CPU.ActiveCfg = Release|Any CPU
		{CC12E02C-99C8-4DDA-9F68-3CF670D13958}.Release|Any CPU.Build.0 = Release|Any CPU
		{AD1501FE-D309-47D4-A774-F82B8E7CFBCB}.Debug|Any CPU.ActiveCfg = Debug|Any CPU
		{AD1501FE-D309-47D4-A774-F82B8E7CFBCB}.Debug|Any CPU.Build.0 = Debug|Any CPU
		{AD1501FE-D309-47D4-A774-F82B8E7CFBCB}.Release|Any CPU.ActiveCfg = Release|Any CPU
		{AD1501FE-D309-47D4-A774-F82B8E7CFBCB}.Release|Any CPU.Build.0 = Release|Any CPU
		{C1640BFD-546F-41BD-A32C-61238023C7CB}.Debug|Any CPU.ActiveCfg = Debug|Any CPU
		{C1640BFD-546F-41BD-A32C-61238023C7CB}.Debug|Any CPU.Build.0 = Debug|Any CPU
		{C1640BFD-546F-41BD-A32C-61238023C7CB}.Release|Any CPU.ActiveCfg = Release|Any CPU
		{C1640BFD-546F-41BD-A32C-61238023C7CB}.Release|Any CPU.Build.0 = Release|Any CPU
		{6FE9FEF7-18B3-48B0-898D-B0890F83FD87}.Debug|Any CPU.ActiveCfg = Debug|Any CPU
		{6FE9FEF7-18B3-48B0-898D-B0890F83FD87}.Debug|Any CPU.Build.0 = Debug|Any CPU
		{6FE9FEF7-18B3-48B0-898D-B0890F83FD87}.Release|Any CPU.ActiveCfg = Release|Any CPU
		{6FE9FEF7-18B3-48B0-898D-B0890F83FD87}.Release|Any CPU.Build.0 = Release|Any CPU
		{7ECBE36A-B824-435C-8A2D-BCBC2D512EB9}.Debug|Any CPU.ActiveCfg = Debug|Any CPU
		{7ECBE36A-B824-435C-8A2D-BCBC2D512EB9}.Debug|Any CPU.Build.0 = Debug|Any CPU
		{7ECBE36A-B824-435C-8A2D-BCBC2D512EB9}.Release|Any CPU.ActiveCfg = Release|Any CPU
		{7ECBE36A-B824-435C-8A2D-BCBC2D512EB9}.Release|Any CPU.Build.0 = Release|Any CPU
		{E6CDCAE9-01F6-445B-B322-4A6B2167FBC7}.Debug|Any CPU.ActiveCfg = Debug|Any CPU
		{E6CDCAE9-01F6-445B-B322-4A6B2167FBC7}.Debug|Any CPU.Build.0 = Debug|Any CPU
		{E6CDCAE9-01F6-445B-B322-4A6B2167FBC7}.Release|Any CPU.ActiveCfg = Release|Any CPU
		{E6CDCAE9-01F6-445B-B322-4A6B2167FBC7}.Release|Any CPU.Build.0 = Release|Any CPU
		{4DFC555F-A1A7-4D00-9160-9525CE9788B2}.Debug|Any CPU.ActiveCfg = Debug|Any CPU
		{4DFC555F-A1A7-4D00-9160-9525CE9788B2}.Debug|Any CPU.Build.0 = Debug|Any CPU
		{4DFC555F-A1A7-4D00-9160-9525CE9788B2}.Release|Any CPU.ActiveCfg = Release|Any CPU
		{4DFC555F-A1A7-4D00-9160-9525CE9788B2}.Release|Any CPU.Build.0 = Release|Any CPU
	EndGlobalSection
	GlobalSection(SolutionProperties) = preSolution
		HideSolutionNode = FALSE
	EndGlobalSection
	GlobalSection(NestedProjects) = preSolution
		{16BAEDC7-838B-4B8D-9BF4-07EB8515D999} = {1DBD721E-9DB5-4550-A9B5-057C6628EDCB}
		{D993640F-730C-472F-8625-80365A397D19} = {1DBD721E-9DB5-4550-A9B5-057C6628EDCB}
		{6343D3EC-D787-43D7-B590-918EB97464C2} = {8B32A190-6194-476F-86CA-7450B4FFAF30}
		{77D07B88-1439-4F65-98B0-252269B83435} = {1DBD721E-9DB5-4550-A9B5-057C6628EDCB}
		{02EF6444-A390-457D-908C-26B3B9EB09AE} = {1DBD721E-9DB5-4550-A9B5-057C6628EDCB}
		{9D813167-EE59-4936-812C-1A8238B69510} = {1DBD721E-9DB5-4550-A9B5-057C6628EDCB}
		{1786A70F-7015-47DA-98A4-C99F7016CACE} = {1DBD721E-9DB5-4550-A9B5-057C6628EDCB}
		{A364757B-F010-4365-85BD-BAA9CFF7684A} = {1DBD721E-9DB5-4550-A9B5-057C6628EDCB}
		{7ECBE36A-B824-435C-8A2D-BCBC2D512EB9} = {1DBD721E-9DB5-4550-A9B5-057C6628EDCB}
		{E6CDCAE9-01F6-445B-B322-4A6B2167FBC7} = {1DBD721E-9DB5-4550-A9B5-057C6628EDCB}
	EndGlobalSection
	GlobalSection(ExtensibilityGlobals) = postSolution
		SolutionGuid = {AF0F3084-E2E8-456E-A22A-C5F72F47A9E7}
	EndGlobalSection
EndGlobal
